Microsoft Visual Studio Solution File, Format Version 12.00
# Visual Studio 15
VisualStudioVersion = 15.0.27130.2026
MinimumVisualStudioVersion = 15.0.26124.0
Project("{9A19103F-16F7-4668-BE54-9A1E7A4F7556}") = "Morabaraba-9001", "Morabaraba-9001\Morabaraba-9001.csproj", "{951A368B-9F77-48F7-BFDD-8636F41FD8AD}"
EndProject
Project("{9A19103F-16F7-4668-BE54-9A1E7A4F7556}") = "Morabaraba-9001.Test", "Morabaraba-9001.Test\Morabaraba-9001.Test.csproj", "{D677ADD9-6289-40F1-98A1-33947392879C}"
EndProject
Global
	GlobalSection(SolutionConfigurationPlatforms) = preSolution
		Debug|Any CPU = Debug|Any CPU
		Debug|x64 = Debug|x64
		Debug|x86 = Debug|x86
		Release|Any CPU = Release|Any CPU
		Release|x64 = Release|x64
		Release|x86 = Release|x86
	EndGlobalSection
	GlobalSection(ProjectConfigurationPlatforms) = postSolution
		{951A368B-9F77-48F7-BFDD-8636F41FD8AD}.Debug|Any CPU.ActiveCfg = Debug|Any CPU
		{951A368B-9F77-48F7-BFDD-8636F41FD8AD}.Debug|Any CPU.Build.0 = Debug|Any CPU
		{951A368B-9F77-48F7-BFDD-8636F41FD8AD}.Debug|x64.ActiveCfg = Debug|Any CPU
		{951A368B-9F77-48F7-BFDD-8636F41FD8AD}.Debug|x64.Build.0 = Debug|Any CPU
		{951A368B-9F77-48F7-BFDD-8636F41FD8AD}.Debug|x86.ActiveCfg = Debug|Any CPU
		{951A368B-9F77-48F7-BFDD-8636F41FD8AD}.Debug|x86.Build.0 = Debug|Any CPU
		{951A368B-9F77-48F7-BFDD-8636F41FD8AD}.Release|Any CPU.ActiveCfg = Release|Any CPU
		{951A368B-9F77-48F7-BFDD-8636F41FD8AD}.Release|Any CPU.Build.0 = Release|Any CPU
		{951A368B-9F77-48F7-BFDD-8636F41FD8AD}.Release|x64.ActiveCfg = Release|Any CPU
		{951A368B-9F77-48F7-BFDD-8636F41FD8AD}.Release|x64.Build.0 = Release|Any CPU
		{951A368B-9F77-48F7-BFDD-8636F41FD8AD}.Release|x86.ActiveCfg = Release|Any CPU
		{951A368B-9F77-48F7-BFDD-8636F41FD8AD}.Release|x86.Build.0 = Release|Any CPU
		{D677ADD9-6289-40F1-98A1-33947392879C}.Debug|Any CPU.ActiveCfg = Debug|Any CPU
		{D677ADD9-6289-40F1-98A1-33947392879C}.Debug|Any CPU.Build.0 = Debug|Any CPU
		{D677ADD9-6289-40F1-98A1-33947392879C}.Debug|x64.ActiveCfg = Debug|Any CPU
		{D677ADD9-6289-40F1-98A1-33947392879C}.Debug|x64.Build.0 = Debug|Any CPU
		{D677ADD9-6289-40F1-98A1-33947392879C}.Debug|x86.ActiveCfg = Debug|Any CPU
		{D677ADD9-6289-40F1-98A1-33947392879C}.Debug|x86.Build.0 = Debug|Any CPU
		{D677ADD9-6289-40F1-98A1-33947392879C}.Release|Any CPU.ActiveCfg = Release|Any CPU
		{D677ADD9-6289-40F1-98A1-33947392879C}.Release|Any CPU.Build.0 = Release|Any CPU
		{D677ADD9-6289-40F1-98A1-33947392879C}.Release|x64.ActiveCfg = Release|Any CPU
		{D677ADD9-6289-40F1-98A1-33947392879C}.Release|x64.Build.0 = Release|Any CPU
		{D677ADD9-6289-40F1-98A1-33947392879C}.Release|x86.ActiveCfg = Release|Any CPU
		{D677ADD9-6289-40F1-98A1-33947392879C}.Release|x86.Build.0 = Release|Any CPU
	EndGlobalSection
	GlobalSection(SolutionProperties) = preSolution
		HideSolutionNode = FALSE
	EndGlobalSection
	GlobalSection(ExtensibilityGlobals) = postSolution
		SolutionGuid = {B4954E41-64EB-4DFE-BD5D-FEBE8DA7630F}
	EndGlobalSection
EndGlobal
